{
  "name": "step7",
  "version": "0.0.1",
  "lockfileVersion": 1,
  "requires": true,
  "dependencies": {
    "bs-platform": {
      "version": "5.0.6",
      "resolved": "https://registry.npmjs.org/bs-platform/-/bs-platform-5.0.6.tgz",
      "integrity": "sha512-6Boa2VEcWJp2WJr38L7bp3J929nYha7gDarjxb070jWzgfPJ/WbzjipmSfnu2eqqk1MfjEIpBipbPz6n1NISwA==",
      "dev": true
    },
    "bs-webapi": {
      "version": "0.15.4",
      "resolved": "https://registry.npmjs.org/bs-webapi/-/bs-webapi-0.15.4.tgz",
      "integrity": "sha512-Dbc6lBYBUW6yvfNNKCUAEfpUWOGoC42sEAESLvOrtHsEUtu0JsP9QE3dfNpd3pYJq7tL/cuIHnXrzNnXZXddlA=="
    },
    "reason-js": {
      "version": "0.3.0",
      "resolved": "https://registry.npmjs.org/reason-js/-/reason-js-0.3.0.tgz",
      "integrity": "sha1-h+8hi/EOTpvpO8RLRZvsLGDP3QI="
    }
  }
}
